
Microsoft Visual Studio Solution File, Format Version 12.00
# Visual Studio Version 17
VisualStudioVersion = 17.2.32630.192
MinimumVisualStudioVersion = 10.0.40219.1
Project("{2150E333-8FDC-42A3-9474-1A3956D46DE8}") = "01.AC.WebApi", "01.AC.WebApi", "{517A7261-D725-4FF3-9C10-BB48B29C3E07}"
EndProject
Project("{2150E333-8FDC-42A3-9474-1A3956D46DE8}") = "02.AC.Manager", "02.AC.Manager", "{F71E4951-A902-45DB-BBB1-B029ADACB459}"
EndProject
Project("{2150E333-8FDC-42A3-9474-1A3956D46DE8}") = "03.AC.Data", "03.AC.Data", "{C960B341-0E81-47EC-8AE7-B8F17891B1C5}"
EndProject
Project("{2150E333-8FDC-42A3-9474-1A3956D46DE8}") = "04.AC.Core", "04.AC.Core", "{4FC65445-E7F6-42C3-8B79-2882D517F956}"
EndProject
Project("{2150E333-8FDC-42A3-9474-1A3956D46DE8}") = "05.AC.Tests", "05.AC.Tests", "{92F21042-F1A5-44CF-AFD6-A5E3C03D60C7}"
EndProject
Project("{FAE04EC0-301F-11D3-BF4B-00C04F79EFBC}") = "AC.WebApi", "AC.WebApi\AC.WebApi.csproj", "{9B39C922-BFE7-4C16-9EBB-2705E1A170A2}"
EndProject
Project("{FAE04EC0-301F-11D3-BF4B-00C04F79EFBC}") = "AC.Manager", "AC.Manager\AC.Manager.csproj", "{1EC985C0-38BE-4436-A15E-715F2241E006}"
EndProject
Project("{FAE04EC0-301F-11D3-BF4B-00C04F79EFBC}") = "AC.Data", "AC.Data\AC.Data.csproj", "{37E455EF-3C03-4D81-B08D-4B69926D8CAF}"
EndProject
Project("{FAE04EC0-301F-11D3-BF4B-00C04F79EFBC}") = "AC.Core", "AC.Core\AC.Core.csproj", "{B870794B-48DD-4829-9FE7-05895C54F961}"
EndProject
Project("{FAE04EC0-301F-11D3-BF4B-00C04F79EFBC}") = "AC.Tests", "AC.Tests\AC.Tests.csproj", "{8CCFE3DE-A886-4941-A5F3-B32DDC12D13D}"
EndProject
Global
	GlobalSection(SolutionConfigurationPlatforms) = preSolution
		Debug|Any CPU = Debug|Any CPU
		Release|Any CPU = Release|Any CPU
	EndGlobalSection
	GlobalSection(ProjectConfigurationPlatforms) = postSolution
		{9B39C922-BFE7-4C16-9EBB-2705E1A170A2}.Debug|Any CPU.ActiveCfg = Debug|Any CPU
		{9B39C922-BFE7-4C16-9EBB-2705E1A170A2}.Debug|Any CPU.Build.0 = Debug|Any CPU
		{9B39C922-BFE7-4C16-9EBB-2705E1A170A2}.Release|Any CPU.ActiveCfg = Release|Any CPU
		{9B39C922-BFE7-4C16-9EBB-2705E1A170A2}.Release|Any CPU.Build.0 = Release|Any CPU
		{1EC985C0-38BE-4436-A15E-715F2241E006}.Debug|Any CPU.ActiveCfg = Debug|Any CPU
		{1EC985C0-38BE-4436-A15E-715F2241E006}.Debug|Any CPU.Build.0 = Debug|Any CPU
		{1EC985C0-38BE-4436-A15E-715F2241E006}.Release|Any CPU.ActiveCfg = Release|Any CPU
		{1EC985C0-38BE-4436-A15E-715F2241E006}.Release|Any CPU.Build.0 = Release|Any CPU
		{37E455EF-3C03-4D81-B08D-4B69926D8CAF}.Debug|Any CPU.ActiveCfg = Debug|Any CPU
		{37E455EF-3C03-4D81-B08D-4B69926D8CAF}.Debug|Any CPU.Build.0 = Debug|Any CPU
		{37E455EF-3C03-4D81-B08D-4B69926D8CAF}.Release|Any CPU.ActiveCfg = Release|Any CPU
		{37E455EF-3C03-4D81-B08D-4B69926D8CAF}.Release|Any CPU.Build.0 = Release|Any CPU
		{B870794B-48DD-4829-9FE7-05895C54F961}.Debug|Any CPU.ActiveCfg = Debug|Any CPU
		{B870794B-48DD-4829-9FE7-05895C54F961}.Debug|Any CPU.Build.0 = Debug|Any CPU
		{B870794B-48DD-4829-9FE7-05895C54F961}.Release|Any CPU.ActiveCfg = Release|Any CPU
		{B870794B-48DD-4829-9FE7-05895C54F961}.Release|Any CPU.Build.0 = Release|Any CPU
		{8CCFE3DE-A886-4941-A5F3-B32DDC12D13D}.Debug|Any CPU.ActiveCfg = Debug|Any CPU
		{8CCFE3DE-A886-4941-A5F3-B32DDC12D13D}.Debug|Any CPU.Build.0 = Debug|Any CPU
		{8CCFE3DE-A886-4941-A5F3-B32DDC12D13D}.Release|Any CPU.ActiveCfg = Release|Any CPU
		{8CCFE3DE-A886-4941-A5F3-B32DDC12D13D}.Release|Any CPU.Build.0 = Release|Any CPU
	EndGlobalSection
	GlobalSection(SolutionProperties) = preSolution
		HideSolutionNode = FALSE
	EndGlobalSection
	GlobalSection(NestedProjects) = preSolution
		{9B39C922-BFE7-4C16-9EBB-2705E1A170A2} = {517A7261-D725-4FF3-9C10-BB48B29C3E07}
		{1EC985C0-38BE-4436-A15E-715F2241E006} = {F71E4951-A902-45DB-BBB1-B029ADACB459}
		{37E455EF-3C03-4D81-B08D-4B69926D8CAF} = {C960B341-0E81-47EC-8AE7-B8F17891B1C5}
		{B870794B-48DD-4829-9FE7-05895C54F961} = {4FC65445-E7F6-42C3-8B79-2882D517F956}
		{8CCFE3DE-A886-4941-A5F3-B32DDC12D13D} = {92F21042-F1A5-44CF-AFD6-A5E3C03D60C7}
	EndGlobalSection
	GlobalSection(ExtensibilityGlobals) = postSolution
		SolutionGuid = {534D19E2-7614-49BC-8828-CEC1C0071D26}
	EndGlobalSection
EndGlobal
